# This file was autogenerated by uv via the following command:
#    uv pip compile pyproject.toml --output-file requirements.lock
certifi==2025.1.31
    # via requests
charset-normalizer==3.4.1
    # via requests
colorama==0.4.6
    # via tqdm
filelock==3.18.0
    # via torch
fsspec==2025.3.2
    # via torch
idna==3.10
    # via requests
jinja2==3.1.6
    # via torch
keyboard==0.13.5
    # via voicetotext (pyproject.toml)
llvmlite==0.44.0
    # via numba
markupsafe==3.0.2
    # via jinja2
more-itertools==10.6.0
    # via openai-whisper
mpmath==1.3.0
    # via sympy
networkx==3.4.2
    # via torch
numba==0.61.2
    # via openai-whisper
numpy==2.2.4
    # via
    #   voicetotext (pyproject.toml)
    #   numba
    #   openai-whisper
openai-whisper @ git+https://github.com/openai/whisper.git@517a43ecd132a2089d85f4ebc044728a71d49f6e
    # via voicetotext (pyproject.toml)
pyaudio==0.2.14
    # via voicetotext (pyproject.toml)
pynput==1.8.1
    # via voicetotext (pyproject.toml)
regex==2024.11.6
    # via tiktoken
requests==2.32.3
    # via
    #   voicetotext (pyproject.toml)
    #   tiktoken
six==1.17.0
    # via
    #   pynput
    #   whisper
sympy==1.13.1
    # via torch
tiktoken==0.9.0
    # via openai-whisper
torch==2.6.0
    # via
    #   voicetotext (pyproject.toml)
    #   openai-whisper
tqdm==4.67.1
    # via openai-whisper
typing-extensions==4.13.2
    # via torch
urllib3==2.4.0
    # via requests
whisper==1.1.10
    # via voicetotext (pyproject.toml)
